
Microsoft Visual Studio Solution File, Format Version 12.00
# Visual Studio 15
VisualStudioVersion = 15.0.28307.106
MinimumVisualStudioVersion = 10.0.40219.1
Project("{FAE04EC0-301F-11D3-BF4B-00C04F79EFBC}") = "NumberGuessingGame", "NumberGuessingGame\NumberGuessingGame.csproj", "{FAE2A42C-7E4F-4EBF-BA2B-4C0EC1A036A8}"
EndProject
Global
	GlobalSection(SolutionConfigurationPlatforms) = preSolution
		Debug|Any CPU = Debug|Any CPU
		Release|Any CPU = Release|Any CPU
	EndGlobalSection
	GlobalSection(ProjectConfigurationPlatforms) = postSolution
		{FAE2A42C-7E4F-4EBF-BA2B-4C0EC1A036A8}.Debug|Any CPU.ActiveCfg = Debug|Any CPU
		{FAE2A42C-7E4F-4EBF-BA2B-4C0EC1A036A8}.Debug|Any CPU.Build.0 = Debug|Any CPU
		{FAE2A42C-7E4F-4EBF-BA2B-4C0EC1A036A8}.Release|Any CPU.ActiveCfg = Release|Any CPU
		{FAE2A42C-7E4F-4EBF-BA2B-4C0EC1A036A8}.Release|Any CPU.Build.0 = Release|Any CPU
	EndGlobalSection
	GlobalSection(SolutionProperties) = preSolution
		HideSolutionNode = FALSE
	EndGlobalSection
	GlobalSection(ExtensibilityGlobals) = postSolution
		SolutionGuid = {76E497D3-B2A3-4349-AD8A-BD9AAB702DC2}
	EndGlobalSection
EndGlobal
